
Microsoft Visual Studio Solution File, Format Version 9.00
# Visual Studio 2005
Project("{8BC9CEB8-8B4A-11D0-8D11-00A0C91BC942}") = "PieChart", "PieChart\PieChart.vcproj", "{635F20FA-7582-4F7E-AEFD-5410A4B88D80}"
EndProject
Project("{8BC9CEB8-8B4A-11D0-8D11-00A0C91BC942}") = "pieChart2", "pieChart2\pieChart2.vcproj", "{63203E55-77C0-470B-8712-DD1FB9B93530}"
EndProject
Global
	GlobalSection(SolutionConfigurationPlatforms) = preSolution
		Debug|Win32 = Debug|Win32
		Release|Win32 = Release|Win32
	EndGlobalSection
	GlobalSection(ProjectConfigurationPlatforms) = postSolution
		{635F20FA-7582-4F7E-AEFD-5410A4B88D80}.Debug|Win32.ActiveCfg = Debug|Win32
		{635F20FA-7582-4F7E-AEFD-5410A4B88D80}.Debug|Win32.Build.0 = Debug|Win32
		{635F20FA-7582-4F7E-AEFD-5410A4B88D80}.Release|Win32.ActiveCfg = Release|Win32
		{635F20FA-7582-4F7E-AEFD-5410A4B88D80}.Release|Win32.Build.0 = Release|Win32
		{63203E55-77C0-470B-8712-DD1FB9B93530}.Debug|Win32.ActiveCfg = Debug|Win32
		{63203E55-77C0-470B-8712-DD1FB9B93530}.Debug|Win32.Build.0 = Debug|Win32
		{63203E55-77C0-470B-8712-DD1FB9B93530}.Release|Win32.ActiveCfg = Release|Win32
		{63203E55-77C0-470B-8712-DD1FB9B93530}.Release|Win32.Build.0 = Release|Win32
	EndGlobalSection
	GlobalSection(SolutionProperties) = preSolution
		HideSolutionNode = FALSE
	EndGlobalSection
EndGlobal
